// !$*UTF8*$!
{
	archiveVersion = 1;
	classes = {
	};
	objectVersion = 77;
	objects = {

/* Begin PBXContainerItemProxy section */
		D3A0570A2FC4B59B00D2FF41 /* PBXContainerItemProxy */ = {
			isa = PBXContainerItemProxy;
			containerPortal = D3A056F42FC4B59900D2FF41 /* Project object */;
			proxyType = 1;
			remoteGlobalIDString = D3A056FB2FC4B59900D2FF41;
			remoteInfo = SDUIDynamicForm;
		};
		D3A057142FC4B59B00D2FF41 /* PBXContainerItemProxy */ = {
			isa = PBXContainerItemProxy;
			containerPortal = D3A056F42FC4B59900D2FF41 /* Project object */;
			proxyType = 1;
			remoteGlobalIDString = D3A056FB2FC4B59900D2FF41;
			remoteInfo = SDUIDynamicForm;
		};
/* End PBXContainerItemProxy section */

/* Begin PBXFileReference section */
		D3A056FC2FC4B59900D2FF41 /* SDUIDynamicForm.app */ = {isa = PBXFileReference; explicitFileType = wrapper.application; includeInIndex = 0; path = SDUIDynamicForm.app; sourceTree = BUILT_PRODUCTS_DIR; };
		D3A057092FC4B59B00D2FF41 /* SDUIDynamicFormTests.xctest */ = {isa = PBXFileReference; explicitFileType = wrapper.cfbundle; includeInIndex = 0; path = SDUIDynamicFormTests.xctest; sourceTree = BUILT_PRODUCTS_DIR; };
		D3A057132FC4B59B00D2FF41 /* SDUIDynamicFormUITests.xctest */ = {isa = PBXFileReference; explicitFileType = wrapper.cfbundle; includeInIndex = 0; path = SDUIDynamicFormUITests.xctest; sourceTree = BUILT_PRODUCTS_DIR; };
/* End PBXFileReference section */

/* Begin PBXFileSystemSynchronizedRootGroup section */
		D3A056FE2FC4B59900D2FF41 /* SDUIDynamicForm */ = {
			isa = PBXFileSystemSynchronizedRootGroup;
			path = SDUIDynamicForm;
			sourceTree = "<group>";
		};
		D3A0570C2FC4B59B00D2FF41 /* SDUIDynamicFormTests */ = {
			isa = PBXFileSystemSynchronizedRootGroup;
			path = SDUIDynamicFormTests;
			sourceTree = "<group>";
		};
		D3A057162FC4B59B00D2FF41 /* SDUIDynamicFormUITests */ = {
			isa = PBXFileSystemSynchronizedRootGroup;
			path = SDUIDynamicFormUITests;
			sourceTree = "<group>";
		};
/* End PBXFileSystemSynchronizedRootGroup section */

/* Begin PBXFrameworksBuildPhase section */
		D3A056F92FC4B59900D2FF41 /* Frameworks */ = {
			isa = PBXFrameworksBuildPhase;
			buildActionMask = 2147483647;
			files = (
			);
			runOnlyForDeploymentPostprocessing = 0;
		};
		D3A057062FC4B59B00D2FF41 /* Frameworks */ = {
			isa = PBXFrameworksBuildPhase;
			buildActionMask = 2147483647;
			files = (
			);
			runOnlyForDeploymentPostprocessing = 0;
		};
		D3A057102FC4B59B00D2FF41 /* Frameworks */ = {
			isa = PBXFrameworksBuildPhase;
			buildActionMask = 2147483647;
			files = (
			);
			runOnlyForDeploymentPostprocessing = 0;
		};
/* End PBXFrameworksBuildPhase section */

/* Begin PBXGroup section */
		D3A056F32FC4B59900D2FF41 = {
			isa = PBXGroup;
			children = (
				D3A056FE2FC4B59900D2FF41 /* SDUIDynamicForm */,
				D3A0570C2FC4B59B00D2FF41 /* SDUIDynamicFormTests */,
				D3A057162FC4B59B00D2FF41 /* SDUIDynamicFormUITests */,
				D3A056FD2FC4B59900D2FF41 /* Products */,
			);
			sourceTree = "<group>";
		};
		D3A056FD2FC4B59900D2FF41 /* Products */ = {
			isa = PBXGroup;
			children = (
				D3A056FC2FC4B59900D2FF41 /* SDUIDynamicForm.app */,
				D3A057092FC4B59B00D2FF41 /* SDUIDynamicFormTests.xctest */,
				D3A057132FC4B59B00D2FF41 /* SDUIDynamicFormUITests.xctest */,
			);
			name = Products;
			sourceTree = "<group>";
		};
/* End PBXGroup section */

/* Begin PBXNativeTarget section */
		D3A056FB2FC4B59900D2FF41 /* SDUIDynamicForm */ = {
			isa = PBXNativeTarget;
			buildConfigurationList = D3A0571D2FC4B59B00D2FF41 /* Build configuration list for PBXNativeTarget "SDUIDynamicForm" */;
			buildPhases = (
				D3A056F82FC4B59900D2FF41 /* Sources */,
				D3A056F92FC4B59900D2FF41 /* Frameworks */,
				D3A056FA2FC4B59900D2FF41 /* Resources */,
			);
			buildRules = (
			);
			dependencies = (
			);
			fileSystemSynchronizedGroups = (
				D3A056FE2FC4B59900D2FF41 /* SDUIDynamicForm */,
			);
			name = SDUIDynamicForm;
			packageProductDependencies = (
			);
			productName = SDUIDynamicForm;
			productReference = D3A056FC2FC4B59900D2FF41 /* SDUIDynamicForm.app */;
			productType = "com.apple.product-type.application";
		};
		D3A057082FC4B59B00D2FF41 /* SDUIDynamicFormTests */ = {
			isa = PBXNativeTarget;
			buildConfigurationList = D3A057202FC4B59B00D2FF41 /* Build configuration list for PBXNativeTarget "SDUIDynamicFormTests" */;
			buildPhases = (
				D3A057052FC4B59B00D2FF41 /* Sources */,
				D3A057062FC4B59B00D2FF41 /* Frameworks */,
				D3A057072FC4B59B00D2FF41 /* Resources */,
			);
			buildRules = (
			);
			dependencies = (
				D3A0570B2FC4B59B00D2FF41 /* PBXTargetDependency */,
			);
			fileSystemSynchronizedGroups = (
				D3A0570C2FC4B59B00D2FF41 /* SDUIDynamicFormTests */,
			);
			name = SDUIDynamicFormTests;
			packageProductDependencies = (
			);
			productName = SDUIDynamicFormTests;
			productReference = D3A057092FC4B59B00D2FF41 /* SDUIDynamicFormTests.xctest */;
			productType = "com.apple.product-type.bundle.unit-test";
		};
		D3A057122FC4B59B00D2FF41 /* SDUIDynamicFormUITests */ = {
			isa = PBXNativeTarget;
			buildConfigurationList = D3A057232FC4B59B00D2FF41 /* Build configuration list for PBXNativeTarget "SDUIDynamicFormUITests" */;
			buildPhases = (
				D3A0570F2FC4B59B00D2FF41 /* Sources */,
				D3A057102FC4B59B00D2FF41 /* Frameworks */,
				D3A057112FC4B59B00D2FF41 /* Resources */,
			);
			buildRules = (
			);
			dependencies = (
				D3A057152FC4B59B00D2FF41 /* PBXTargetDependency */,
			);
			fileSystemSynchronizedGroups = (
				D3A057162FC4B59B00D2FF41 /* SDUIDynamicFormUITests */,
			);
			name = SDUIDynamicFormUITests;
			packageProductDependencies = (
			);
			productName = SDUIDynamicFormUITests;
			productReference = D3A057132FC4B59B00D2FF41 /* SDUIDynamicFormUITests.xctest */;
			productType = "com.apple.product-type.bundle.ui-testing";
		};
/* End PBXNativeTarget section */

/* Begin PBXProject section */
		D3A056F42FC4B59900D2FF41 /* Project object */ = {
			isa = PBXProject;
			attributes = {
				BuildIndependentTargetsInParallel = 1;
				LastSwiftUpdateCheck = 2650;
				LastUpgradeCheck = 2650;
				TargetAttributes = {
					D3A056FB2FC4B59900D2FF41 = {
						CreatedOnToolsVersion = 26.5;
					};
					D3A057082FC4B59B00D2FF41 = {
						CreatedOnToolsVersion = 26.5;
						TestTargetID = D3A056FB2FC4B59900D2FF41;
					};
					D3A057122FC4B59B00D2FF41 = {
						CreatedOnToolsVersion = 26.5;
						TestTargetID = D3A056FB2FC4B59900D2FF41;
					};
				};
			};
			buildConfigurationList = D3A056F72FC4B59900D2FF41 /* Build configuration list for PBXProject "SDUIDynamicForm" */;
			developmentRegion = en;
			hasScannedForEncodings = 0;
			knownRegions = (
				en,
				Base,
			);
			mainGroup = D3A056F32FC4B59900D2FF41;
			minimizedProjectReferenceProxies = 1;
			preferredProjectObjectVersion = 77;
			productRefGroup = D3A056FD2FC4B59900D2FF41 /* Products */;
			projectDirPath = "";
			projectRoot = "";
			targets = (
				D3A056FB2FC4B59900D2FF41 /* SDUIDynamicForm */,
				D3A057082FC4B59B00D2FF41 /* SDUIDynamicFormTests */,
				D3A057122FC4B59B00D2FF41 /* SDUIDynamicFormUITests */,
			);
		};
/* End PBXProject section */

/* Begin PBXResourcesBuildPhase section */
		D3A056FA2FC4B59900D2FF41 /* Resources */ = {
			isa = PBXResourcesBuildPhase;
			buildActionMask = 2147483647;
			files = (
			);
			runOnlyForDeploymentPostprocessing = 0;
		};
		D3A057072FC4B59B00D2FF41 /* Resources */ = {
			isa = PBXResourcesBuildPhase;
			buildActionMask = 2147483647;
			files = (
			);
			runOnlyForDeploymentPostprocessing = 0;
		};
		D3A057112FC4B59B00D2FF41 /* Resources */ = {
			isa = PBXResourcesBuildPhase;
			buildActionMask = 2147483647;
			files = (
			);
			runOnlyForDeploymentPostprocessing = 0;
		};
/* End PBXResourcesBuildPhase section */

/* Begin PBXSourcesBuildPhase section */
		D3A056F82FC4B59900D2FF41 /* Sources */ = {
			isa = PBXSourcesBuildPhase;
			buildActionMask = 2147483647;
			files = (
			);
			runOnlyForDeploymentPostprocessing = 0;
		};
		D3A057052FC4B59B00D2FF41 /* Sources */ = {
			isa = PBXSourcesBuildPhase;
			buildActionMask = 2147483647;
			files = (
			);
			runOnlyForDeploymentPostprocessing = 0;
		};
		D3A0570F2FC4B59B00D2FF41 /* Sources */ = {
			isa = PBXSourcesBuildPhase;
			buildActionMask = 2147483647;
			files = (
			);
			runOnlyForDeploymentPostprocessing = 0;
		};
/* End PBXSourcesBuildPhase section */

/* Begin PBXTargetDependency section */
		D3A0570B2FC4B59B00D2FF41 /* PBXTargetDependency */ = {
			isa = PBXTargetDependency;
			target = D3A056FB2FC4B59900D2FF41 /* SDUIDynamicForm */;
			targetProxy = D3A0570A2FC4B59B00D2FF41 /* PBXContainerItemProxy */;
		};
		D3A057152FC4B59B00D2FF41 /* PBXTargetDependency */ = {
			isa = PBXTargetDependency;
			target = D3A056FB2FC4B59900D2FF41 /* SDUIDynamicForm */;
			targetProxy = D3A057142FC4B59B00D2FF41 /* PBXContainerItemProxy */;
		};
/* End PBXTargetDependency section */

/* Begin XCBuildConfiguration section */
		D3A0571B2FC4B59B00D2FF41 /* Debug */ = {
			isa = XCBuildConfiguration;
			buildSettings = {
				ALWAYS_SEARCH_USER_PATHS = NO;
				ASSETCATALOG_COMPILER_GENERATE_SWIFT_ASSET_SYMBOL_EXTENSIONS = YES;
				CLANG_ANALYZER_NONNULL = YES;
				CLANG_ANALYZER_NUMBER_OBJECT_CONVERSION = YES_AGGRESSIVE;
				CLANG_CXX_LANGUAGE_STANDARD = "gnu++20";
				CLANG_ENABLE_MODULES = YES;
				CLANG_ENABLE_OBJC_ARC = YES;
				CLANG_ENABLE_OBJC_WEAK = YES;
				CLANG_WARN_BLOCK_CAPTURE_AUTORELEASING = YES;
				CLANG_WARN_BOOL_CONVERSION = YES;
				CLANG_WARN_COMMA = YES;
				CLANG_WARN_CONSTANT_CONVERSION = YES;
				CLANG_WARN_DEPRECATED_OBJC_IMPLEMENTATIONS = YES;
				CLANG_WARN_DIRECT_OBJC_ISA_USAGE = YES_ERROR;
				CLANG_WARN_DOCUMENTATION_COMMENTS = YES;
				CLANG_WARN_EMPTY_BODY = YES;
				CLANG_WARN_ENUM_CONVERSION = YES;
				CLANG_WARN_INFINITE_RECURSION = YES;
				CLANG_WARN_INT_CONVERSION = YES;
				CLANG_WARN_NON_LITERAL_NULL_CONVERSION = YES;
				CLANG_WARN_OBJC_IMPLICIT_RETAIN_SELF = YES;
				CLANG_WARN_OBJC_LITERAL_CONVERSION = YES;
				CLANG_WARN_OBJC_ROOT_CLASS = YES_ERROR;
				CLANG_WARN_QUOTED_INCLUDE_IN_FRAMEWORK_HEADER = YES;
				CLANG_WARN_RANGE_LOOP_ANALYSIS = YES;
				CLANG_WARN_STRICT_PROTOTYPES = YES;
				CLANG_WARN_SUSPICIOUS_MOVE = YES;
				CLANG_WARN_UNGUARDED_AVAILABILITY = YES_AGGRESSIVE;
				CLANG_WARN_UNREACHABLE_CODE = YES;
				CLANG_WARN__DUPLICATE_METHOD_MATCH = YES;
				COPY_PHASE_STRIP = NO;
				DEBUG_INFORMATION_FORMAT = dwarf;
				DEVELOPMENT_TEAM = 83H2RUP83Z;
				ENABLE_STRICT_OBJC_MSGSEND = YES;
				ENABLE_TESTABILITY = YES;
				ENABLE_USER_SCRIPT_SANDBOXING = YES;
				GCC_C_LANGUAGE_STANDARD = gnu17;
				GCC_DYNAMIC_NO_PIC = NO;
				GCC_NO_COMMON_BLOCKS = YES;
				GCC_OPTIMIZATION_LEVEL = 0;
				GCC_PREPROCESSOR_DEFINITIONS = (
					"DEBUG=1",
					"$(inherited)",
				);
				GCC_WARN_64_TO_32_BIT_CONVERSION = YES;
				GCC_WARN_ABOUT_RETURN_TYPE = YES_ERROR;
				GCC_WARN_UNDECLARED_SELECTOR = YES;
				GCC_WARN_UNINITIALIZED_AUTOS = YES_AGGRESSIVE;
				GCC_WARN_UNUSED_FUNCTION = YES;
				GCC_WARN_UNUSED_VARIABLE = YES;
				IPHONEOS_DEPLOYMENT_TARGET = 16.6;
				LOCALIZATION_PREFERS_STRING_CATALOGS = YES;
				MTL_ENABLE_DEBUG_INFO = INCLUDE_SOURCE;
				MTL_FAST_MATH = YES;
				ONLY_ACTIVE_ARCH = YES;
				SDKROOT = iphoneos;
				SWIFT_ACTIVE_COMPILATION_CONDITIONS = "DEBUG $(inherited)";
				SWIFT_OPTIMIZATION_LEVEL = "-Onone";
			};
			name = Debug;
		};
		D3A0571C2FC4B59B00D2FF41 /* Release */ = {
			isa = XCBuildConfiguration;
			buildSettings = {
				ALWAYS_SEARCH_USER_PATHS = NO;
				ASSETCATALOG_COMPILER_GENERATE_SWIFT_ASSET_SYMBOL_EXTENSIONS = YES;
				CLANG_ANALYZER_NONNULL = YES;
				CLANG_ANALYZER_NUMBER_OBJECT_CONVERSION = YES_AGGRESSIVE;
				CLANG_CXX_LANGUAGE_STANDARD = "gnu++20";
				CLANG_ENABLE_MODULES = YES;
				CLANG_ENABLE_OBJC_ARC = YES;
				CLANG_ENABLE_OBJC_WEAK = YES;
				CLANG_WARN_BLOCK_CAPTURE_AUTORELEASING = YES;
				CLANG_WARN_BOOL_CONVERSION = YES;
				CLANG_WARN_COMMA = YES;
				CLANG_WARN_CONSTANT_CONVERSION = YES;
				CLANG_WARN_DEPRECATED_OBJC_IMPLEMENTATIONS = YES;
				CLANG_WARN_DIRECT_OBJC_ISA_USAGE = YES_ERROR;
				CLANG_WARN_DOCUMENTATION_COMMENTS = YES;
				CLANG_WARN_EMPTY_BODY = YES;
				CLANG_WARN_ENUM_CONVERSION = YES;
				CLANG_WARN_INFINITE_RECURSION = YES;
				CLANG_WARN_INT_CONVERSION = YES;
				CLANG_WARN_NON_LITERAL_NULL_CONVERSION = YES;
				CLANG_WARN_OBJC_IMPLICIT_RETAIN_SELF = YES;
				CLANG_WARN_OBJC_LITERAL_CONVERSION = YES;
				CLANG_WARN_OBJC_ROOT_CLASS = YES_ERROR;
				CLANG_WARN_QUOTED_INCLUDE_IN_FRAMEWORK_HEADER = YES;
				CLANG_WARN_RANGE_LOOP_ANALYSIS = YES;
				CLANG_WARN_STRICT_PROTOTYPES = YES;
				CLANG_WARN_SUSPICIOUS_MOVE = YES;
				CLANG_WARN_UNGUARDED_AVAILABILITY = YES_AGGRESSIVE;
				CLANG_WARN_UNREACHABLE_CODE = YES;
				CLANG_WARN__DUPLICATE_METHOD_MATCH = YES;
				COPY_PHASE_STRIP = NO;
				DEBUG_INFORMATION_FORMAT = "dwarf-with-dsym";
				DEVELOPMENT_TEAM = 83H2RUP83Z;
				ENABLE_NS_ASSERTIONS = NO;
				ENABLE_STRICT_OBJC_MSGSEND = YES;
				ENABLE_USER_SCRIPT_SANDBOXING = YES;
				GCC_C_LANGUAGE_STANDARD = gnu17;
				GCC_NO_COMMON_BLOCKS = YES;
				GCC_WARN_64_TO_32_BIT_CONVERSION = YES;
				GCC_WARN_ABOUT_RETURN_TYPE = YES_ERROR;
				GCC_WARN_UNDECLARED_SELECTOR = YES;
				GCC_WARN_UNINITIALIZED_AUTOS = YES_AGGRESSIVE;
				GCC_WARN_UNUSED_FUNCTION = YES;
				GCC_WARN_UNUSED_VARIABLE = YES;
				IPHONEOS_DEPLOYMENT_TARGET = 16.6;
				LOCALIZATION_PREFERS_STRING_CATALOGS = YES;
				MTL_ENABLE_DEBUG_INFO = NO;
				MTL_FAST_MATH = YES;
				SDKROOT = iphoneos;
				SWIFT_COMPILATION_MODE = wholemodule;
				VALIDATE_PRODUCT = YES;
			};
			name = Release;
		};
		D3A0571E2FC4B59B00D2FF41 /* Debug */ = {
			isa = XCBuildConfiguration;
			buildSettings = {
				ASSETCATALOG_COMPILER_APPICON_NAME = AppIcon;
				ASSETCATALOG_COMPILER_GLOBAL_ACCENT_COLOR_NAME = AccentColor;
				CODE_SIGN_STYLE = Automatic;
				CURRENT_PROJECT_VERSION = 1;
				DEVELOPMENT_TEAM = 83H2RUP83Z;
				ENABLE_PREVIEWS = YES;
				GENERATE_INFOPLIST_FILE = YES;
				INFOPLIST_KEY_UIApplicationSceneManifest_Generation = YES;
				INFOPLIST_KEY_UIApplicationSupportsIndirectInputEvents = YES;
				INFOPLIST_KEY_UILaunchScreen_Generation = YES;
				INFOPLIST_KEY_UISupportedInterfaceOrientations_iPad = "UIInterfaceOrientationPortrait UIInterfaceOrientationPortraitUpsideDown UIInterfaceOrientationLandscapeLeft UIInterfaceOrientationLandscapeRight";
				INFOPLIST_KEY_UISupportedInterfaceOrientations_iPhone = "UIInterfaceOrientationPortrait UIInterfaceOrientationLandscapeLeft UIInterfaceOrientationLandscapeRight";
				IPHONEOS_DEPLOYMENT_TARGET = 16.0;
				LD_RUNPATH_SEARCH_PATHS = (
					"$(inherited)",
					"@executable_path/Frameworks",
				);
				MARKETING_VERSION = 1.0;
				PRODUCT_BUNDLE_IDENTIFIER = com.eulerity.demo.SDUIDynamicForm;
				PRODUCT_NAME = "$(TARGET_NAME)";
				STRING_CATALOG_GENERATE_SYMBOLS = YES;
				SWIFT_APPROACHABLE_CONCURRENCY = YES;
				SWIFT_DEFAULT_ACTOR_ISOLATION = MainActor;
				SWIFT_EMIT_LOC_STRINGS = YES;
				SWIFT_UPCOMING_FEATURE_MEMBER_IMPORT_VISIBILITY = YES;
				SWIFT_VERSION = 5.0;
				TARGETED_DEVICE_FAMILY = "1,2";
			};
			name = Debug;
		};
		D3A0571F2FC4B59B00D2FF41 /* Release */ = {
			isa = XCBuildConfiguration;
			buildSettings = {
				ASSETCATALOG_COMPILER_APPICON_NAME = AppIcon;
				ASSETCATALOG_COMPILER_GLOBAL_ACCENT_COLOR_NAME = AccentColor;
				CODE_SIGN_STYLE = Automatic;
				CURRENT_PROJECT_VERSION = 1;
				DEVELOPMENT_TEAM = 83H2RUP83Z;
				ENABLE_PREVIEWS = YES;
				GENERATE_INFOPLIST_FILE = YES;
				INFOPLIST_KEY_UIApplicationSceneManifest_Generation = YES;
				INFOPLIST_KEY_UIApplicationSupportsIndirectInputEvents = YES;
				INFOPLIST_KEY_UILaunchScreen_Generation = YES;
				INFOPLIST_KEY_UISupportedInterfaceOrientations_iPad = "UIInterfaceOrientationPortrait UIInterfaceOrientationPortraitUpsideDown UIInterfaceOrientationLandscapeLeft UIInterfaceOrientationLandscapeRight";
				INFOPLIST_KEY_UISupportedInterfaceOrientations_iPhone = "UIInterfaceOrientationPortrait UIInterfaceOrientationLandscapeLeft UIInterfaceOrientationLandscapeRight";
				IPHONEOS_DEPLOYMENT_TARGET = 16.0;
				LD_RUNPATH_SEARCH_PATHS = (
					"$(inherited)",
					"@executable_path/Frameworks",
				);
				MARKETING_VERSION = 1.0;
				PRODUCT_BUNDLE_IDENTIFIER = com.eulerity.demo.SDUIDynamicForm;
				PRODUCT_NAME = "$(TARGET_NAME)";
				STRING_CATALOG_GENERATE_SYMBOLS = YES;
				SWIFT_APPROACHABLE_CONCURRENCY = YES;
				SWIFT_DEFAULT_ACTOR_ISOLATION = MainActor;
				SWIFT_EMIT_LOC_STRINGS = YES;
				SWIFT_UPCOMING_FEATURE_MEMBER_IMPORT_VISIBILITY = YES;
				SWIFT_VERSION = 5.0;
				TARGETED_DEVICE_FAMILY = "1,2";
			};
			name = Release;
		};
		D3A057212FC4B59B00D2FF41 /* Debug */ = {
			isa = XCBuildConfiguration;
			buildSettings = {
				BUNDLE_LOADER = "$(TEST_HOST)";
				CODE_SIGN_STYLE = Automatic;
				CURRENT_PROJECT_VERSION = 1;
				DEVELOPMENT_TEAM = 83H2RUP83Z;
				GENERATE_INFOPLIST_FILE = YES;
				IPHONEOS_DEPLOYMENT_TARGET = 16.0;
				MARKETING_VERSION = 1.0;
				PRODUCT_BUNDLE_IDENTIFIER = com.eulerity.demo.SDUIDynamicFormTests;
				PRODUCT_NAME = "$(TARGET_NAME)";
				STRING_CATALOG_GENERATE_SYMBOLS = NO;
				SWIFT_APPROACHABLE_CONCURRENCY = YES;
				SWIFT_EMIT_LOC_STRINGS = NO;
				SWIFT_UPCOMING_FEATURE_MEMBER_IMPORT_VISIBILITY = YES;
				SWIFT_VERSION = 5.0;
				TARGETED_DEVICE_FAMILY = "1,2";
				TEST_HOST = "$(BUILT_PRODUCTS_DIR)/SDUIDynamicForm.app/$(BUNDLE_EXECUTABLE_FOLDER_PATH)/SDUIDynamicForm";
			};
			name = Debug;
		};
		D3A057222FC4B59B00D2FF41 /* Release */ = {
			isa = XCBuildConfiguration;
			buildSettings = {
				BUNDLE_LOADER = "$(TEST_HOST)";
				CODE_SIGN_STYLE = Automatic;
				CURRENT_PROJECT_VERSION = 1;
				DEVELOPMENT_TEAM = 83H2RUP83Z;
				GENERATE_INFOPLIST_FILE = YES;
				IPHONEOS_DEPLOYMENT_TARGET = 16.0;
				MARKETING_VERSION = 1.0;
				PRODUCT_BUNDLE_IDENTIFIER = com.eulerity.demo.SDUIDynamicFormTests;
				PRODUCT_NAME = "$(TARGET_NAME)";
				STRING_CATALOG_GENERATE_SYMBOLS = NO;
				SWIFT_APPROACHABLE_CONCURRENCY = YES;
				SWIFT_EMIT_LOC_STRINGS = NO;
				SWIFT_UPCOMING_FEATURE_MEMBER_IMPORT_VISIBILITY = YES;
				SWIFT_VERSION = 5.0;
				TARGETED_DEVICE_FAMILY = "1,2";
				TEST_HOST = "$(BUILT_PRODUCTS_DIR)/SDUIDynamicForm.app/$(BUNDLE_EXECUTABLE_FOLDER_PATH)/SDUIDynamicForm";
			};
			name = Release;
		};
		D3A057242FC4B59B00D2FF41 /* Debug */ = {
			isa = XCBuildConfiguration;
			buildSettings = {
				CODE_SIGN_STYLE = Automatic;
				CURRENT_PROJECT_VERSION = 1;
				DEVELOPMENT_TEAM = 83H2RUP83Z;
				GENERATE_INFOPLIST_FILE = YES;
				IPHONEOS_DEPLOYMENT_TARGET = 16.0;
				MARKETING_VERSION = 1.0;
				PRODUCT_BUNDLE_IDENTIFIER = com.eulerity.demo.SDUIDynamicFormUITests;
				PRODUCT_NAME = "$(TARGET_NAME)";
				STRING_CATALOG_GENERATE_SYMBOLS = NO;
				SWIFT_APPROACHABLE_CONCURRENCY = YES;
				SWIFT_EMIT_LOC_STRINGS = NO;
				SWIFT_UPCOMING_FEATURE_MEMBER_IMPORT_VISIBILITY = YES;
				SWIFT_VERSION = 5.0;
				TARGETED_DEVICE_FAMILY = "1,2";
				TEST_TARGET_NAME = SDUIDynamicForm;
			};
			name = Debug;
		};
		D3A057252FC4B59B00D2FF41 /* Release */ = {
			isa = XCBuildConfiguration;
			buildSettings = {
				CODE_SIGN_STYLE = Automatic;
				CURRENT_PROJECT_VERSION = 1;
				DEVELOPMENT_TEAM = 83H2RUP83Z;
				GENERATE_INFOPLIST_FILE = YES;
				IPHONEOS_DEPLOYMENT_TARGET = 16.0;
				MARKETING_VERSION = 1.0;
				PRODUCT_BUNDLE_IDENTIFIER = com.eulerity.demo.SDUIDynamicFormUITests;
				PRODUCT_NAME = "$(TARGET_NAME)";
				STRING_CATALOG_GENERATE_SYMBOLS = NO;
				SWIFT_APPROACHABLE_CONCURRENCY = YES;
				SWIFT_EMIT_LOC_STRINGS = NO;
				SWIFT_UPCOMING_FEATURE_MEMBER_IMPORT_VISIBILITY = YES;
				SWIFT_VERSION = 5.0;
				TARGETED_DEVICE_FAMILY = "1,2";
				TEST_TARGET_NAME = SDUIDynamicForm;
			};
			name = Release;
		};
/* End XCBuildConfiguration section */

/* Begin XCConfigurationList section */
		D3A056F72FC4B59900D2FF41 /* Build configuration list for PBXProject "SDUIDynamicForm" */ = {
			isa = XCConfigurationList;
			buildConfigurations = (
				D3A0571B2FC4B59B00D2FF41 /* Debug */,
				D3A0571C2FC4B59B00D2FF41 /* Release */,
			);
			defaultConfigurationIsVisible = 0;
			defaultConfigurationName = Release;
		};
		D3A0571D2FC4B59B00D2FF41 /* Build configuration list for PBXNativeTarget "SDUIDynamicForm" */ = {
			isa = XCConfigurationList;
			buildConfigurations = (
				D3A0571E2FC4B59B00D2FF41 /* Debug */,
				D3A0571F2FC4B59B00D2FF41 /* Release */,
			);
			defaultConfigurationIsVisible = 0;
			defaultConfigurationName = Release;
		};
		D3A057202FC4B59B00D2FF41 /* Build configuration list for PBXNativeTarget "SDUIDynamicFormTests" */ = {
			isa = XCConfigurationList;
			buildConfigurations = (
				D3A057212FC4B59B00D2FF41 /* Debug */,
				D3A057222FC4B59B00D2FF41 /* Release */,
			);
			defaultConfigurationIsVisible = 0;
			defaultConfigurationName = Release;
		};
		D3A057232FC4B59B00D2FF41 /* Build configuration list for PBXNativeTarget "SDUIDynamicFormUITests" */ = {
			isa = XCConfigurationList;
			buildConfigurations = (
				D3A057242FC4B59B00D2FF41 /* Debug */,
				D3A057252FC4B59B00D2FF41 /* Release */,
			);
			defaultConfigurationIsVisible = 0;
			defaultConfigurationName = Release;
		};
/* End XCConfigurationList section */
	};
	rootObject = D3A056F42FC4B59900D2FF41 /* Project object */;
}
